// !$*UTF8*$!
{
	archiveVersion = 1;
	classes = {
	};
	objectVersion = 50;
	objects = {

/* Begin PBXBuildFile section */
		1BB1EF5E184C6E9F73263B97 /* libPods-ReduxDemoTests.a in Frameworks */ = {isa = PBXBuildFile; fileRef = 5612F326B4DBCE756B765728 /* libPods-ReduxDemoTests.a */; };
		2BC2465BBCCA1A65D0DF09F1 /* libPods-ReduxDemoUITests.a in Frameworks */ = {isa = PBXBuildFile; fileRef = 29FCE2C94D4EB79F4FFDE6C5 /* libPods-ReduxDemoUITests.a */; };
		A587DEF236CE0AB32650EBB9 /* libPods-ReduxDemo.a in Frameworks */ = {isa = PBXBuildFile; fileRef = D7C55305D7A8E5A2CC791905 /* libPods-ReduxDemo.a */; };
		C4168FFF22262433007859EF /* DemoViewController.m in Sources */ = {isa = PBXBuildFile; fileRef = C4168FFE22262433007859EF /* DemoViewController.m */; };
		C416901C22277E89007859EF /* CounterState.m in Sources */ = {isa = PBXBuildFile; fileRef = C416901B22277E89007859EF /* CounterState.m */; };
		C416901F22277FA9007859EF /* CounterReducer.m in Sources */ = {isa = PBXBuildFile; fileRef = C416901E22277FA9007859EF /* CounterReducer.m */; };
		C41690222227800C007859EF /* CounterAction.m in Sources */ = {isa = PBXBuildFile; fileRef = C41690212227800C007859EF /* CounterAction.m */; };
		C4169025222780D8007859EF /* CounterViewController.m in Sources */ = {isa = PBXBuildFile; fileRef = C4169024222780D8007859EF /* CounterViewController.m */; };
		C416902C22278AAE007859EF /* Logger.m in Sources */ = {isa = PBXBuildFile; fileRef = C416902B22278AAE007859EF /* Logger.m */; };
		C41690342227BCCD007859EF /* ComplexCounterViewController.m in Sources */ = {isa = PBXBuildFile; fileRef = C41690332227BCCD007859EF /* ComplexCounterViewController.m */; };
		C41690382227BD38007859EF /* ComplexState.m in Sources */ = {isa = PBXBuildFile; fileRef = C41690372227BD38007859EF /* ComplexState.m */; };
		C416903C2227BECA007859EF /* ComplexReducer.m in Sources */ = {isa = PBXBuildFile; fileRef = C416903B2227BECA007859EF /* ComplexReducer.m */; };
		C4AC43A22211C4880082F312 /* AppDelegate.m in Sources */ = {isa = PBXBuildFile; fileRef = C4AC43A12211C4880082F312 /* AppDelegate.m */; };
		C4AC43A82211C4880082F312 /* Main.storyboard in Resources */ = {isa = PBXBuildFile; fileRef = C4AC43A62211C4880082F312 /* Main.storyboard */; };
		C4AC43AA2211C4890082F312 /* Assets.xcassets in Resources */ = {isa = PBXBuildFile; fileRef = C4AC43A92211C4890082F312 /* Assets.xcassets */; };
		C4AC43AD2211C4890082F312 /* LaunchScreen.storyboard in Resources */ = {isa = PBXBuildFile; fileRef = C4AC43AB2211C4890082F312 /* LaunchScreen.storyboard */; };
		C4AC43B02211C4890082F312 /* main.m in Sources */ = {isa = PBXBuildFile; fileRef = C4AC43AF2211C4890082F312 /* main.m */; };
		C4AC43BA2211C4890082F312 /* ReduxDemoTests.m in Sources */ = {isa = PBXBuildFile; fileRef = C4AC43B92211C4890082F312 /* ReduxDemoTests.m */; };
		C4AC43C52211C4890082F312 /* ReduxDemoUITests.m in Sources */ = {isa = PBXBuildFile; fileRef = C4AC43C42211C4890082F312 /* ReduxDemoUITests.m */; };
/* End PBXBuildFile section */

/* Begin PBXContainerItemProxy section */
		C4AC43B62211C4890082F312 /* PBXContainerItemProxy */ = {
			isa = PBXContainerItemProxy;
			containerPortal = C4AC43952211C4880082F312 /* Project object */;
			proxyType = 1;
			remoteGlobalIDString = C4AC439C2211C4880082F312;
			remoteInfo = ReduxDemo;
		};
		C4AC43C12211C4890082F312 /* PBXContainerItemProxy */ = {
			isa = PBXContainerItemProxy;
			containerPortal = C4AC43952211C4880082F312 /* Project object */;
			proxyType = 1;
			remoteGlobalIDString = C4AC439C2211C4880082F312;
			remoteInfo = ReduxDemo;
		};
/* End PBXContainerItemProxy section */

/* Begin PBXFileReference section */
		12274FD0B56ECBE240D01777 /* Pods-ReduxDemo.debug.xcconfig */ = {isa = PBXFileReference; includeInIndex = 1; lastKnownFileType = text.xcconfig; name = "Pods-ReduxDemo.debug.xcconfig"; path = "Pods/Target Support Files/Pods-ReduxDemo/Pods-ReduxDemo.debug.xcconfig"; sourceTree = "<group>"; };
		29FCE2C94D4EB79F4FFDE6C5 /* libPods-ReduxDemoUITests.a */ = {isa = PBXFileReference; explicitFileType = archive.ar; includeInIndex = 0; path = "libPods-ReduxDemoUITests.a"; sourceTree = BUILT_PRODUCTS_DIR; };
		44EC289240C0F133349FFB50 /* Pods-ReduxDemoTests.debug.xcconfig */ = {isa = PBXFileReference; includeInIndex = 1; lastKnownFileType = text.xcconfig; name = "Pods-ReduxDemoTests.debug.xcconfig"; path = "Pods/Target Support Files/Pods-ReduxDemoTests/Pods-ReduxDemoTests.debug.xcconfig"; sourceTree = "<group>"; };
		5612F326B4DBCE756B765728 /* libPods-ReduxDemoTests.a */ = {isa = PBXFileReference; explicitFileType = archive.ar; includeInIndex = 0; path = "libPods-ReduxDemoTests.a"; sourceTree = BUILT_PRODUCTS_DIR; };
		5F26DBE439CBC26D5FDA2CEE /* Pods-ReduxDemoUITests.debug.xcconfig */ = {isa = PBXFileReference; includeInIndex = 1; lastKnownFileType = text.xcconfig; name = "Pods-ReduxDemoUITests.debug.xcconfig"; path = "Pods/Target Support Files/Pods-ReduxDemoUITests/Pods-ReduxDemoUITests.debug.xcconfig"; sourceTree = "<group>"; };
		9DA8F31D87DC861B7367BB7D /* Pods-ReduxDemoTests.release.xcconfig */ = {isa = PBXFileReference; includeInIndex = 1; lastKnownFileType = text.xcconfig; name = "Pods-ReduxDemoTests.release.xcconfig"; path = "Pods/Target Support Files/Pods-ReduxDemoTests/Pods-ReduxDemoTests.release.xcconfig"; sourceTree = "<group>"; };
		C4168FFD22262433007859EF /* DemoViewController.h */ = {isa = PBXFileReference; fileEncoding = 4; lastKnownFileType = sourcecode.c.h; path = DemoViewController.h; sourceTree = "<group>"; };
		C4168FFE22262433007859EF /* DemoViewController.m */ = {isa = PBXFileReference; fileEncoding = 4; lastKnownFileType = sourcecode.c.objc; path = DemoViewController.m; sourceTree = "<group>"; };
		C416901A22277E89007859EF /* CounterState.h */ = {isa = PBXFileReference; lastKnownFileType = sourcecode.c.h; path = CounterState.h; sourceTree = "<group>"; };
		C416901B22277E89007859EF /* CounterState.m */ = {isa = PBXFileReference; lastKnownFileType = sourcecode.c.objc; path = CounterState.m; sourceTree = "<group>"; };
		C416901D22277FA9007859EF /* CounterReducer.h */ = {isa = PBXFileReference; lastKnownFileType = sourcecode.c.h; path = CounterReducer.h; sourceTree = "<group>"; };
		C416901E22277FA9007859EF /* CounterReducer.m */ = {isa = PBXFileReference; lastKnownFileType = sourcecode.c.objc; path = CounterReducer.m; sourceTree = "<group>"; };
		C41690202227800C007859EF /* CounterAction.h */ = {isa = PBXFileReference; lastKnownFileType = sourcecode.c.h; path = CounterAction.h; sourceTree = "<group>"; };
		C41690212227800C007859EF /* CounterAction.m */ = {isa = PBXFileReference; lastKnownFileType = sourcecode.c.objc; path = CounterAction.m; sourceTree = "<group>"; };
		C4169023222780D8007859EF /* CounterViewController.h */ = {isa = PBXFileReference; lastKnownFileType = sourcecode.c.h; path = CounterViewController.h; sourceTree = "<group>"; };
		C4169024222780D8007859EF /* CounterViewController.m */ = {isa = PBXFileReference; lastKnownFileType = sourcecode.c.objc; path = CounterViewController.m; sourceTree = "<group>"; };
		C416902A22278AAE007859EF /* Logger.h */ = {isa = PBXFileReference; lastKnownFileType = sourcecode.c.h; path = Logger.h; sourceTree = "<group>"; };
		C416902B22278AAE007859EF /* Logger.m */ = {isa = PBXFileReference; lastKnownFileType = sourcecode.c.objc; path = Logger.m; sourceTree = "<group>"; };
		C41690322227BCCD007859EF /* ComplexCounterViewController.h */ = {isa = PBXFileReference; lastKnownFileType = sourcecode.c.h; path = ComplexCounterViewController.h; sourceTree = "<group>"; };
		C41690332227BCCD007859EF /* ComplexCounterViewController.m */ = {isa = PBXFileReference; lastKnownFileType = sourcecode.c.objc; path = ComplexCounterViewController.m; sourceTree = "<group>"; };
		C41690362227BD38007859EF /* ComplexState.h */ = {isa = PBXFileReference; lastKnownFileType = sourcecode.c.h; path = ComplexState.h; sourceTree = "<group>"; };
		C41690372227BD38007859EF /* ComplexState.m */ = {isa = PBXFileReference; lastKnownFileType = sourcecode.c.objc; path = ComplexState.m; sourceTree = "<group>"; };
		C416903A2227BECA007859EF /* ComplexReducer.h */ = {isa = PBXFileReference; lastKnownFileType = sourcecode.c.h; path = ComplexReducer.h; sourceTree = "<group>"; };
		C416903B2227BECA007859EF /* ComplexReducer.m */ = {isa = PBXFileReference; lastKnownFileType = sourcecode.c.objc; path = ComplexReducer.m; sourceTree = "<group>"; };
		C4AC439D2211C4880082F312 /* ReduxDemo.app */ = {isa = PBXFileReference; explicitFileType = wrapper.application; includeInIndex = 0; path = ReduxDemo.app; sourceTree = BUILT_PRODUCTS_DIR; };
		C4AC43A02211C4880082F312 /* AppDelegate.h */ = {isa = PBXFileReference; lastKnownFileType = sourcecode.c.h; path = AppDelegate.h; sourceTree = "<group>"; };
		C4AC43A12211C4880082F312 /* AppDelegate.m */ = {isa = PBXFileReference; lastKnownFileType = sourcecode.c.objc; path = AppDelegate.m; sourceTree = "<group>"; };
		C4AC43A72211C4880082F312 /* Base */ = {isa = PBXFileReference; lastKnownFileType = file.storyboard; name = Base; path = Base.lproj/Main.storyboard; sourceTree = "<group>"; };
		C4AC43A92211C4890082F312 /* Assets.xcassets */ = {isa = PBXFileReference; lastKnownFileType = folder.assetcatalog; path = Assets.xcassets; sourceTree = "<group>"; };
		C4AC43AC2211C4890082F312 /* Base */ = {isa = PBXFileReference; lastKnownFileType = file.storyboard; name = Base; path = Base.lproj/LaunchScreen.storyboard; sourceTree = "<group>"; };
		C4AC43AE2211C4890082F312 /* Info.plist */ = {isa = PBXFileReference; lastKnownFileType = text.plist.xml; path = Info.plist; sourceTree = "<group>"; };
		C4AC43AF2211C4890082F312 /* main.m */ = {isa = PBXFileReference; lastKnownFileType = sourcecode.c.objc; path = main.m; sourceTree = "<group>"; };
		C4AC43B52211C4890082F312 /* ReduxDemoTests.xctest */ = {isa = PBXFileReference; explicitFileType = wrapper.cfbundle; includeInIndex = 0; path = ReduxDemoTests.xctest; sourceTree = BUILT_PRODUCTS_DIR; };
		C4AC43B92211C4890082F312 /* ReduxDemoTests.m */ = {isa = PBXFileReference; lastKnownFileType = sourcecode.c.objc; path = ReduxDemoTests.m; sourceTree = "<group>"; };
		C4AC43BB2211C4890082F312 /* Info.plist */ = {isa = PBXFileReference; lastKnownFileType = text.plist.xml; path = Info.plist; sourceTree = "<group>"; };
		C4AC43C02211C4890082F312 /* ReduxDemoUITests.xctest */ = {isa = PBXFileReference; explicitFileType = wrapper.cfbundle; includeInIndex = 0; path = ReduxDemoUITests.xctest; sourceTree = BUILT_PRODUCTS_DIR; };
		C4AC43C42211C4890082F312 /* ReduxDemoUITests.m */ = {isa = PBXFileReference; lastKnownFileType = sourcecode.c.objc; path = ReduxDemoUITests.m; sourceTree = "<group>"; };
		C4AC43C62211C4890082F312 /* Info.plist */ = {isa = PBXFileReference; lastKnownFileType = text.plist.xml; path = Info.plist; sourceTree = "<group>"; };
		D3A73DB10DEA634BBF2EFEED /* Pods-ReduxDemoUITests.release.xcconfig */ = {isa = PBXFileReference; includeInIndex = 1; lastKnownFileType = text.xcconfig; name = "Pods-ReduxDemoUITests.release.xcconfig"; path = "Pods/Target Support Files/Pods-ReduxDemoUITests/Pods-ReduxDemoUITests.release.xcconfig"; sourceTree = "<group>"; };
		D7C55305D7A8E5A2CC791905 /* libPods-ReduxDemo.a */ = {isa = PBXFileReference; explicitFileType = archive.ar; includeInIndex = 0; path = "libPods-ReduxDemo.a"; sourceTree = BUILT_PRODUCTS_DIR; };
		EF94E2499087D65EAD09A3F4 /* Pods-ReduxDemo.release.xcconfig */ = {isa = PBXFileReference; includeInIndex = 1; lastKnownFileType = text.xcconfig; name = "Pods-ReduxDemo.release.xcconfig"; path = "Pods/Target Support Files/Pods-ReduxDemo/Pods-ReduxDemo.release.xcconfig"; sourceTree = "<group>"; };
/* End PBXFileReference section */

/* Begin PBXFrameworksBuildPhase section */
		C4AC439A2211C4880082F312 /* Frameworks */ = {
			isa = PBXFrameworksBuildPhase;
			buildActionMask = 2147483647;
			files = (
				A587DEF236CE0AB32650EBB9 /* libPods-ReduxDemo.a in Frameworks */,
			);
			runOnlyForDeploymentPostprocessing = 0;
		};
		C4AC43B22211C4890082F312 /* Frameworks */ = {
			isa = PBXFrameworksBuildPhase;
			buildActionMask = 2147483647;
			files = (
				1BB1EF5E184C6E9F73263B97 /* libPods-ReduxDemoTests.a in Frameworks */,
			);
			runOnlyForDeploymentPostprocessing = 0;
		};
		C4AC43BD2211C4890082F312 /* Frameworks */ = {
			isa = PBXFrameworksBuildPhase;
			buildActionMask = 2147483647;
			files = (
				2BC2465BBCCA1A65D0DF09F1 /* libPods-ReduxDemoUITests.a in Frameworks */,
			);
			runOnlyForDeploymentPostprocessing = 0;
		};
/* End PBXFrameworksBuildPhase section */

/* Begin PBXGroup section */
		3851037CE231922C3C605792 /* Pods */ = {
			isa = PBXGroup;
			children = (
				12274FD0B56ECBE240D01777 /* Pods-ReduxDemo.debug.xcconfig */,
				EF94E2499087D65EAD09A3F4 /* Pods-ReduxDemo.release.xcconfig */,
				44EC289240C0F133349FFB50 /* Pods-ReduxDemoTests.debug.xcconfig */,
				9DA8F31D87DC861B7367BB7D /* Pods-ReduxDemoTests.release.xcconfig */,
				5F26DBE439CBC26D5FDA2CEE /* Pods-ReduxDemoUITests.debug.xcconfig */,
				D3A73DB10DEA634BBF2EFEED /* Pods-ReduxDemoUITests.release.xcconfig */,
			);
			name = Pods;
			sourceTree = "<group>";
		};
		AD28BA5DF2BF09AE54563E44 /* Frameworks */ = {
			isa = PBXGroup;
			children = (
				D7C55305D7A8E5A2CC791905 /* libPods-ReduxDemo.a */,
				5612F326B4DBCE756B765728 /* libPods-ReduxDemoTests.a */,
				29FCE2C94D4EB79F4FFDE6C5 /* libPods-ReduxDemoUITests.a */,
			);
			name = Frameworks;
			sourceTree = "<group>";
		};
		C416901922277DCA007859EF /* CounterDemo */ = {
			isa = PBXGroup;
			children = (
				C416902822278140007859EF /* Reducer */,
				C4169027222780ED007859EF /* Action */,
				C4169026222780E3007859EF /* State */,
				C4169023222780D8007859EF /* CounterViewController.h */,
				C4169024222780D8007859EF /* CounterViewController.m */,
			);
			path = CounterDemo;
			sourceTree = "<group>";
		};
		C4169026222780E3007859EF /* State */ = {
			isa = PBXGroup;
			children = (
				C416901A22277E89007859EF /* CounterState.h */,
				C416901B22277E89007859EF /* CounterState.m */,
			);
			path = State;
			sourceTree = "<group>";
		};
		C4169027222780ED007859EF /* Action */ = {
			isa = PBXGroup;
			children = (
				C41690202227800C007859EF /* CounterAction.h */,
				C41690212227800C007859EF /* CounterAction.m */,
			);
			path = Action;
			sourceTree = "<group>";
		};
		C416902822278140007859EF /* Reducer */ = {
			isa = PBXGroup;
			children = (
				C416901D22277FA9007859EF /* CounterReducer.h */,
				C416901E22277FA9007859EF /* CounterReducer.m */,
			);
			path = Reducer;
			sourceTree = "<group>";
		};
		C416902922278A94007859EF /* Middlewares */ = {
			isa = PBXGroup;
			children = (
				C416902A22278AAE007859EF /* Logger.h */,
				C416902B22278AAE007859EF /* Logger.m */,
			);
			path = Middlewares;
			sourceTree = "<group>";
		};
		C41690312227BC9E007859EF /* ComplexCounterDemo */ = {
			isa = PBXGroup;
			children = (
				C41690392227BEB6007859EF /* Reducer */,
				C41690352227BD1A007859EF /* State */,
				C41690322227BCCD007859EF /* ComplexCounterViewController.h */,
				C41690332227BCCD007859EF /* ComplexCounterViewController.m */,
			);
			path = ComplexCounterDemo;
			sourceTree = "<group>";
		};
		C41690352227BD1A007859EF /* State */ = {
			isa = PBXGroup;
			children = (
				C41690362227BD38007859EF /* ComplexState.h */,
				C41690372227BD38007859EF /* ComplexState.m */,
			);
			path = State;
			sourceTree = "<group>";
		};
		C41690392227BEB6007859EF /* Reducer */ = {
			isa = PBXGroup;
			children = (
				C416903A2227BECA007859EF /* ComplexReducer.h */,
				C416903B2227BECA007859EF /* ComplexReducer.m */,
			);
			path = Reducer;
			sourceTree = "<group>";
		};
		C4AC43942211C4880082F312 = {
			isa = PBXGroup;
			children = (
				C4AC439F2211C4880082F312 /* ReduxDemo */,
				C4AC43B82211C4890082F312 /* ReduxDemoTests */,
				C4AC43C32211C4890082F312 /* ReduxDemoUITests */,
				C4AC439E2211C4880082F312 /* Products */,
				3851037CE231922C3C605792 /* Pods */,
				AD28BA5DF2BF09AE54563E44 /* Frameworks */,
			);
			sourceTree = "<group>";
		};
		C4AC439E2211C4880082F312 /* Products */ = {
			isa = PBXGroup;
			children = (
				C4AC439D2211C4880082F312 /* ReduxDemo.app */,
				C4AC43B52211C4890082F312 /* ReduxDemoTests.xctest */,
				C4AC43C02211C4890082F312 /* ReduxDemoUITests.xctest */,
			);
			name = Products;
			sourceTree = "<group>";
		};
		C4AC439F2211C4880082F312 /* ReduxDemo */ = {
			isa = PBXGroup;
			children = (
				C416902922278A94007859EF /* Middlewares */,
				C41690312227BC9E007859EF /* ComplexCounterDemo */,
				C416901922277DCA007859EF /* CounterDemo */,
				C4168FFD22262433007859EF /* DemoViewController.h */,
				C4168FFE22262433007859EF /* DemoViewController.m */,
				C4AC43A02211C4880082F312 /* AppDelegate.h */,
				C4AC43A12211C4880082F312 /* AppDelegate.m */,
				C4AC43A62211C4880082F312 /* Main.storyboard */,
				C4AC43A92211C4890082F312 /* Assets.xcassets */,
				C4AC43AB2211C4890082F312 /* LaunchScreen.storyboard */,
				C4AC43AE2211C4890082F312 /* Info.plist */,
				C4AC43AF2211C4890082F312 /* main.m */,
			);
			path = ReduxDemo;
			sourceTree = "<group>";
		};
		C4AC43B82211C4890082F312 /* ReduxDemoTests */ = {
			isa = PBXGroup;
			children = (
				C4AC43B92211C4890082F312 /* ReduxDemoTests.m */,
				C4AC43BB2211C4890082F312 /* Info.plist */,
			);
			path = ReduxDemoTests;
			sourceTree = "<group>";
		};
		C4AC43C32211C4890082F312 /* ReduxDemoUITests */ = {
			isa = PBXGroup;
			children = (
				C4AC43C42211C4890082F312 /* ReduxDemoUITests.m */,
				C4AC43C62211C4890082F312 /* Info.plist */,
			);
			path = ReduxDemoUITests;
			sourceTree = "<group>";
		};
/* End PBXGroup section */

/* Begin PBXNativeTarget section */
		C4AC439C2211C4880082F312 /* ReduxDemo */ = {
			isa = PBXNativeTarget;
			buildConfigurationList = C4AC43C92211C4890082F312 /* Build configuration list for PBXNativeTarget "ReduxDemo" */;
			buildPhases = (
				2E7F02074370DF58A740178D /* [CP] Check Pods Manifest.lock */,
				C4AC43992211C4880082F312 /* Sources */,
				C4AC439A2211C4880082F312 /* Frameworks */,
				C4AC439B2211C4880082F312 /* Resources */,
			);
			buildRules = (
			);
			dependencies = (
			);
			name = ReduxDemo;
			productName = ReduxDemo;
			productReference = C4AC439D2211C4880082F312 /* ReduxDemo.app */;
			productType = "com.apple.product-type.application";
		};
		C4AC43B42211C4890082F312 /* ReduxDemoTests */ = {
			isa = PBXNativeTarget;
			buildConfigurationList = C4AC43CC2211C4890082F312 /* Build configuration list for PBXNativeTarget "ReduxDemoTests" */;
			buildPhases = (
				7FC8EA0A2BC241C870AA8AD4 /* [CP] Check Pods Manifest.lock */,
				C4AC43B12211C4890082F312 /* Sources */,
				C4AC43B22211C4890082F312 /* Frameworks */,
				C4AC43B32211C4890082F312 /* Resources */,
			);
			buildRules = (
			);
			dependencies = (
				C4AC43B72211C4890082F312 /* PBXTargetDependency */,
			);
			name = ReduxDemoTests;
			productName = ReduxDemoTests;
			productReference = C4AC43B52211C4890082F312 /* ReduxDemoTests.xctest */;
			productType = "com.apple.product-type.bundle.unit-test";
		};
		C4AC43BF2211C4890082F312 /* ReduxDemoUITests */ = {
			isa = PBXNativeTarget;
			buildConfigurationList = C4AC43CF2211C4890082F312 /* Build configuration list for PBXNativeTarget "ReduxDemoUITests" */;
			buildPhases = (
				EB3283C8CD078909B3831FA6 /* [CP] Check Pods Manifest.lock */,
				C4AC43BC2211C4890082F312 /* Sources */,
				C4AC43BD2211C4890082F312 /* Frameworks */,
				C4AC43BE2211C4890082F312 /* Resources */,
			);
			buildRules = (
			);
			dependencies = (
				C4AC43C22211C4890082F312 /* PBXTargetDependency */,
			);
			name = ReduxDemoUITests;
			productName = ReduxDemoUITests;
			productReference = C4AC43C02211C4890082F312 /* ReduxDemoUITests.xctest */;
			productType = "com.apple.product-type.bundle.ui-testing";
		};
/* End PBXNativeTarget section */

/* Begin PBXProject section */
		C4AC43952211C4880082F312 /* Project object */ = {
			isa = PBXProject;
			attributes = {
				LastUpgradeCheck = 1010;
				ORGANIZATIONNAME = bob;
				TargetAttributes = {
					C4AC439C2211C4880082F312 = {
						CreatedOnToolsVersion = 10.1;
					};
					C4AC43B42211C4890082F312 = {
						CreatedOnToolsVersion = 10.1;
						TestTargetID = C4AC439C2211C4880082F312;
					};
					C4AC43BF2211C4890082F312 = {
						CreatedOnToolsVersion = 10.1;
						TestTargetID = C4AC439C2211C4880082F312;
					};
				};
			};
			buildConfigurationList = C4AC43982211C4880082F312 /* Build configuration list for PBXProject "ReduxDemo" */;
			compatibilityVersion = "Xcode 9.3";
			developmentRegion = en;
			hasScannedForEncodings = 0;
			knownRegions = (
				en,
				Base,
			);
			mainGroup = C4AC43942211C4880082F312;
			productRefGroup = C4AC439E2211C4880082F312 /* Products */;
			projectDirPath = "";
			projectRoot = "";
			targets = (
				C4AC439C2211C4880082F312 /* ReduxDemo */,
				C4AC43B42211C4890082F312 /* ReduxDemoTests */,
				C4AC43BF2211C4890082F312 /* ReduxDemoUITests */,
			);
		};
/* End PBXProject section */

/* Begin PBXResourcesBuildPhase section */
		C4AC439B2211C4880082F312 /* Resources */ = {
			isa = PBXResourcesBuildPhase;
			buildActionMask = 2147483647;
			files = (
				C4AC43AD2211C4890082F312 /* LaunchScreen.storyboard in Resources */,
				C4AC43AA2211C4890082F312 /* Assets.xcassets in Resources */,
				C4AC43A82211C4880082F312 /* Main.storyboard in Resources */,
			);
			runOnlyForDeploymentPostprocessing = 0;
		};
		C4AC43B32211C4890082F312 /* Resources */ = {
			isa = PBXResourcesBuildPhase;
			buildActionMask = 2147483647;
			files = (
			);
			runOnlyForDeploymentPostprocessing = 0;
		};
		C4AC43BE2211C4890082F312 /* Resources */ = {
			isa = PBXResourcesBuildPhase;
			buildActionMask = 2147483647;
			files = (
			);
			runOnlyForDeploymentPostprocessing = 0;
		};
/* End PBXResourcesBuildPhase section */

/* Begin PBXShellScriptBuildPhase section */
		2E7F02074370DF58A740178D /* [CP] Check Pods Manifest.lock */ = {
			isa = PBXShellScriptBuildPhase;
			buildActionMask = 2147483647;
			files = (
			);
			inputFileListPaths = (
			);
			inputPaths = (
				"${PODS_PODFILE_DIR_PATH}/Podfile.lock",
				"${PODS_ROOT}/Manifest.lock",
			);
			name = "[CP] Check Pods Manifest.lock";
			outputFileListPaths = (
			);
			outputPaths = (
				"$(DERIVED_FILE_DIR)/Pods-ReduxDemo-checkManifestLockResult.txt",
			);
			runOnlyForDeploymentPostprocessing = 0;
			shellPath = /bin/sh;
			shellScript = "diff \"${PODS_PODFILE_DIR_PATH}/Podfile.lock\" \"${PODS_ROOT}/Manifest.lock\" > /dev/null\nif [ $? != 0 ] ; then\n    # print error to STDERR\n    echo \"error: The sandbox is not in sync with the Podfile.lock. Run 'pod install' or update your CocoaPods installation.\" >&2\n    exit 1\nfi\n# This output is used by Xcode 'outputs' to avoid re-running this script phase.\necho \"SUCCESS\" > \"${SCRIPT_OUTPUT_FILE_0}\"\n";
			showEnvVarsInLog = 0;
		};
		7FC8EA0A2BC241C870AA8AD4 /* [CP] Check Pods Manifest.lock */ = {
			isa = PBXShellScriptBuildPhase;
			buildActionMask = 2147483647;
			files = (
			);
			inputFileListPaths = (
			);
			inputPaths = (
				"${PODS_PODFILE_DIR_PATH}/Podfile.lock",
				"${PODS_ROOT}/Manifest.lock",
			);
			name = "[CP] Check Pods Manifest.lock";
			outputFileListPaths = (
			);
			outputPaths = (
				"$(DERIVED_FILE_DIR)/Pods-ReduxDemoTests-checkManifestLockResult.txt",
			);
			runOnlyForDeploymentPostprocessing = 0;
			shellPath = /bin/sh;
			shellScript = "diff \"${PODS_PODFILE_DIR_PATH}/Podfile.lock\" \"${PODS_ROOT}/Manifest.lock\" > /dev/null\nif [ $? != 0 ] ; then\n    # print error to STDERR\n    echo \"error: The sandbox is not in sync with the Podfile.lock. Run 'pod install' or update your CocoaPods installation.\" >&2\n    exit 1\nfi\n# This output is used by Xcode 'outputs' to avoid re-running this script phase.\necho \"SUCCESS\" > \"${SCRIPT_OUTPUT_FILE_0}\"\n";
			showEnvVarsInLog = 0;
		};
		EB3283C8CD078909B3831FA6 /* [CP] Check Pods Manifest.lock */ = {
			isa = PBXShellScriptBuildPhase;
			buildActionMask = 2147483647;
			files = (
			);
			inputFileListPaths = (
			);
			inputPaths = (
				"${PODS_PODFILE_DIR_PATH}/Podfile.lock",
				"${PODS_ROOT}/Manifest.lock",
			);
			name = "[CP] Check Pods Manifest.lock";
			outputFileListPaths = (
			);
			outputPaths = (
				"$(DERIVED_FILE_DIR)/Pods-ReduxDemoUITests-checkManifestLockResult.txt",
			);
			runOnlyForDeploymentPostprocessing = 0;
			shellPath = /bin/sh;
			shellScript = "diff \"${PODS_PODFILE_DIR_PATH}/Podfile.lock\" \"${PODS_ROOT}/Manifest.lock\" > /dev/null\nif [ $? != 0 ] ; then\n    # print error to STDERR\n    echo \"error: The sandbox is not in sync with the Podfile.lock. Run 'pod install' or update your CocoaPods installation.\" >&2\n    exit 1\nfi\n# This output is used by Xcode 'outputs' to avoid re-running this script phase.\necho \"SUCCESS\" > \"${SCRIPT_OUTPUT_FILE_0}\"\n";
			showEnvVarsInLog = 0;
		};
/* End PBXShellScriptBuildPhase section */

/* Begin PBXSourcesBuildPhase section */
		C4AC43992211C4880082F312 /* Sources */ = {
			isa = PBXSourcesBuildPhase;
			buildActionMask = 2147483647;
			files = (
				C4169025222780D8007859EF /* CounterViewController.m in Sources */,
				C41690342227BCCD007859EF /* ComplexCounterViewController.m in Sources */,
				C4AC43B02211C4890082F312 /* main.m in Sources */,
				C4AC43A22211C4880082F312 /* AppDelegate.m in Sources */,
				C416902C22278AAE007859EF /* Logger.m in Sources */,
				C416901C22277E89007859EF /* CounterState.m in Sources */,
				C41690382227BD38007859EF /* ComplexState.m in Sources */,
				C416901F22277FA9007859EF /* CounterReducer.m in Sources */,
				C41690222227800C007859EF /* CounterAction.m in Sources */,
				C4168FFF22262433007859EF /* DemoViewController.m in Sources */,
				C416903C2227BECA007859EF /* ComplexReducer.m in Sources */,
			);
			runOnlyForDeploymentPostprocessing = 0;
		};
		C4AC43B12211C4890082F312 /* Sources */ = {
			isa = PBXSourcesBuildPhase;
			buildActionMask = 2147483647;
			files = (
				C4AC43BA2211C4890082F312 /* ReduxDemoTests.m in Sources */,
			);
			runOnlyForDeploymentPostprocessing = 0;
		};
		C4AC43BC2211C4890082F312 /* Sources */ = {
			isa = PBXSourcesBuildPhase;
			buildActionMask = 2147483647;
			files = (
				C4AC43C52211C4890082F312 /* ReduxDemoUITests.m in Sources */,
			);
			runOnlyForDeploymentPostprocessing = 0;
		};
/* End PBXSourcesBuildPhase section */

/* Begin PBXTargetDependency section */
		C4AC43B72211C4890082F312 /* PBXTargetDependency */ = {
			isa = PBXTargetDependency;
			target = C4AC439C2211C4880082F312 /* ReduxDemo */;
			targetProxy = C4AC43B62211C4890082F312 /* PBXContainerItemProxy */;
		};
		C4AC43C22211C4890082F312 /* PBXTargetDependency */ = {
			isa = PBXTargetDependency;
			target = C4AC439C2211C4880082F312 /* ReduxDemo */;
			targetProxy = C4AC43C12211C4890082F312 /* PBXContainerItemProxy */;
		};
/* End PBXTargetDependency section */

/* Begin PBXVariantGroup section */
		C4AC43A62211C4880082F312 /* Main.storyboard */ = {
			isa = PBXVariantGroup;
			children = (
				C4AC43A72211C4880082F312 /* Base */,
			);
			name = Main.storyboard;
			sourceTree = "<group>";
		};
		C4AC43AB2211C4890082F312 /* LaunchScreen.storyboard */ = {
			isa = PBXVariantGroup;
			children = (
				C4AC43AC2211C4890082F312 /* Base */,
			);
			name = LaunchScreen.storyboard;
			sourceTree = "<group>";
		};
/* End PBXVariantGroup section */

/* Begin XCBuildConfiguration section */
		C4AC43C72211C4890082F312 /* Debug */ = {
			isa = XCBuildConfiguration;
			buildSettings = {
				ALWAYS_SEARCH_USER_PATHS = NO;
				CLANG_ANALYZER_NONNULL = YES;
				CLANG_ANALYZER_NUMBER_OBJECT_CONVERSION = YES_AGGRESSIVE;
				CLANG_CXX_LANGUAGE_STANDARD = "gnu++14";
				CLANG_CXX_LIBRARY = "libc++";
				CLANG_ENABLE_MODULES = YES;
				CLANG_ENABLE_OBJC_ARC = YES;
				CLANG_ENABLE_OBJC_WEAK = YES;
				CLANG_WARN_BLOCK_CAPTURE_AUTORELEASING = YES;
				CLANG_WARN_BOOL_CONVERSION = YES;
				CLANG_WARN_COMMA = YES;
				CLANG_WARN_CONSTANT_CONVERSION = YES;
				CLANG_WARN_DEPRECATED_OBJC_IMPLEMENTATIONS = YES;
				CLANG_WARN_DIRECT_OBJC_ISA_USAGE = YES_ERROR;
				CLANG_WARN_DOCUMENTATION_COMMENTS = YES;
				CLANG_WARN_EMPTY_BODY = YES;
				CLANG_WARN_ENUM_CONVERSION = YES;
				CLANG_WARN_INFINITE_RECURSION = YES;
				CLANG_WARN_INT_CONVERSION = YES;
				CLANG_WARN_NON_LITERAL_NULL_CONVERSION = YES;
				CLANG_WARN_OBJC_IMPLICIT_RETAIN_SELF = YES;
				CLANG_WARN_OBJC_LITERAL_CONVERSION = YES;
				CLANG_WARN_OBJC_ROOT_CLASS = YES_ERROR;
				CLANG_WARN_RANGE_LOOP_ANALYSIS = YES;
				CLANG_WARN_STRICT_PROTOTYPES = YES;
				CLANG_WARN_SUSPICIOUS_MOVE = YES;
				CLANG_WARN_UNGUARDED_AVAILABILITY = YES_AGGRESSIVE;
				CLANG_WARN_UNREACHABLE_CODE = YES;
				CLANG_WARN__DUPLICATE_METHOD_MATCH = YES;
				CODE_SIGN_IDENTITY = "iPhone Developer";
				COPY_PHASE_STRIP = NO;
				DEBUG_INFORMATION_FORMAT = dwarf;
				ENABLE_STRICT_OBJC_MSGSEND = YES;
				ENABLE_TESTABILITY = YES;
				GCC_C_LANGUAGE_STANDARD = gnu11;
				GCC_DYNAMIC_NO_PIC = NO;
				GCC_NO_COMMON_BLOCKS = YES;
				GCC_OPTIMIZATION_LEVEL = 0;
				GCC_PREPROCESSOR_DEFINITIONS = (
					"DEBUG=1",
					"$(inherited)",
				);
				GCC_WARN_64_TO_32_BIT_CONVERSION = YES;
				GCC_WARN_ABOUT_RETURN_TYPE = YES_ERROR;
				GCC_WARN_UNDECLARED_SELECTOR = YES;
				GCC_WARN_UNINITIALIZED_AUTOS = YES_AGGRESSIVE;
				GCC_WARN_UNUSED_FUNCTION = YES;
				GCC_WARN_UNUSED_VARIABLE = YES;
				IPHONEOS_DEPLOYMENT_TARGET = 12.1;
				MTL_ENABLE_DEBUG_INFO = INCLUDE_SOURCE;
				MTL_FAST_MATH = YES;
				ONLY_ACTIVE_ARCH = YES;
				SDKROOT = iphoneos;
			};
			name = Debug;
		};
		C4AC43C82211C4890082F312 /* Release */ = {
			isa = XCBuildConfiguration;
			buildSettings = {
				ALWAYS_SEARCH_USER_PATHS = NO;
				CLANG_ANALYZER_NONNULL = YES;
				CLANG_ANALYZER_NUMBER_OBJECT_CONVERSION = YES_AGGRESSIVE;
				CLANG_CXX_LANGUAGE_STANDARD = "gnu++14";
				CLANG_CXX_LIBRARY = "libc++";
				CLANG_ENABLE_MODULES = YES;
				CLANG_ENABLE_OBJC_ARC = YES;
				CLANG_ENABLE_OBJC_WEAK = YES;
				CLANG_WARN_BLOCK_CAPTURE_AUTORELEASING = YES;
				CLANG_WARN_BOOL_CONVERSION = YES;
				CLANG_WARN_COMMA = YES;
				CLANG_WARN_CONSTANT_CONVERSION = YES;
				CLANG_WARN_DEPRECATED_OBJC_IMPLEMENTATIONS = YES;
				CLANG_WARN_DIRECT_OBJC_ISA_USAGE = YES_ERROR;
				CLANG_WARN_DOCUMENTATION_COMMENTS = YES;
				CLANG_WARN_EMPTY_BODY = YES;
				CLANG_WARN_ENUM_CONVERSION = YES;
				CLANG_WARN_INFINITE_RECURSION = YES;
				CLANG_WARN_INT_CONVERSION = YES;
				CLANG_WARN_NON_LITERAL_NULL_CONVERSION = YES;
				CLANG_WARN_OBJC_IMPLICIT_RETAIN_SELF = YES;
				CLANG_WARN_OBJC_LITERAL_CONVERSION = YES;
				CLANG_WARN_OBJC_ROOT_CLASS = YES_ERROR;
				CLANG_WARN_RANGE_LOOP_ANALYSIS = YES;
				CLANG_WARN_STRICT_PROTOTYPES = YES;
				CLANG_WARN_SUSPICIOUS_MOVE = YES;
				CLANG_WARN_UNGUARDED_AVAILABILITY = YES_AGGRESSIVE;
				CLANG_WARN_UNREACHABLE_CODE = YES;
				CLANG_WARN__DUPLICATE_METHOD_MATCH = YES;
				CODE_SIGN_IDENTITY = "iPhone Developer";
				COPY_PHASE_STRIP = NO;
				DEBUG_INFORMATION_FORMAT = "dwarf-with-dsym";
				ENABLE_NS_ASSERTIONS = NO;
				ENABLE_STRICT_OBJC_MSGSEND = YES;
				GCC_C_LANGUAGE_STANDARD = gnu11;
				GCC_NO_COMMON_BLOCKS = YES;
				GCC_WARN_64_TO_32_BIT_CONVERSION = YES;
				GCC_WARN_ABOUT_RETURN_TYPE = YES_ERROR;
				GCC_WARN_UNDECLARED_SELECTOR = YES;
				GCC_WARN_UNINITIALIZED_AUTOS = YES_AGGRESSIVE;
				GCC_WARN_UNUSED_FUNCTION = YES;
				GCC_WARN_UNUSED_VARIABLE = YES;
				IPHONEOS_DEPLOYMENT_TARGET = 12.1;
				MTL_ENABLE_DEBUG_INFO = NO;
				MTL_FAST_MATH = YES;
				SDKROOT = iphoneos;
				VALIDATE_PRODUCT = YES;
			};
			name = Release;
		};
		C4AC43CA2211C4890082F312 /* Debug */ = {
			isa = XCBuildConfiguration;
			baseConfigurationReference = 12274FD0B56ECBE240D01777 /* Pods-ReduxDemo.debug.xcconfig */;
			buildSettings = {
				ASSETCATALOG_COMPILER_APPICON_NAME = AppIcon;
				CODE_SIGN_STYLE = Automatic;
				DEVELOPMENT_TEAM = UA524KP7L9;
				INFOPLIST_FILE = ReduxDemo/Info.plist;
				LD_RUNPATH_SEARCH_PATHS = (
					"$(inherited)",
					"@executable_path/Frameworks",
				);
				PRODUCT_BUNDLE_IDENTIFIER = com.danbo.demo.ReduxDemo;
				PRODUCT_NAME = "$(TARGET_NAME)";
				TARGETED_DEVICE_FAMILY = "1,2";
			};
			name = Debug;
		};
		C4AC43CB2211C4890082F312 /* Release */ = {
			isa = XCBuildConfiguration;
			baseConfigurationReference = EF94E2499087D65EAD09A3F4 /* Pods-ReduxDemo.release.xcconfig */;
			buildSettings = {
				ASSETCATALOG_COMPILER_APPICON_NAME = AppIcon;
				CODE_SIGN_STYLE = Automatic;
				DEVELOPMENT_TEAM = UA524KP7L9;
				INFOPLIST_FILE = ReduxDemo/Info.plist;
				LD_RUNPATH_SEARCH_PATHS = (
					"$(inherited)",
					"@executable_path/Frameworks",
				);
				PRODUCT_BUNDLE_IDENTIFIER = com.danbo.demo.ReduxDemo;
				PRODUCT_NAME = "$(TARGET_NAME)";
				TARGETED_DEVICE_FAMILY = "1,2";
			};
			name = Release;
		};
		C4AC43CD2211C4890082F312 /* Debug */ = {
			isa = XCBuildConfiguration;
			baseConfigurationReference = 44EC289240C0F133349FFB50 /* Pods-ReduxDemoTests.debug.xcconfig */;
			buildSettings = {
				BUNDLE_LOADER = "$(TEST_HOST)";
				CODE_SIGN_STYLE = Automatic;
				DEVELOPMENT_TEAM = UA524KP7L9;
				INFOPLIST_FILE = ReduxDemoTests/Info.plist;
				LD_RUNPATH_SEARCH_PATHS = (
					"$(inherited)",
					"@executable_path/Frameworks",
					"@loader_path/Frameworks",
				);
				PRODUCT_BUNDLE_IDENTIFIER = com.danbo.demo.ReduxDemoTests;
				PRODUCT_NAME = "$(TARGET_NAME)";
				TARGETED_DEVICE_FAMILY = "1,2";
				TEST_HOST = "$(BUILT_PRODUCTS_DIR)/ReduxDemo.app/ReduxDemo";
			};
			name = Debug;
		};
		C4AC43CE2211C4890082F312 /* Release */ = {
			isa = XCBuildConfiguration;
			baseConfigurationReference = 9DA8F31D87DC861B7367BB7D /* Pods-ReduxDemoTests.release.xcconfig */;
			buildSettings = {
				BUNDLE_LOADER = "$(TEST_HOST)";
				CODE_SIGN_STYLE = Automatic;
				DEVELOPMENT_TEAM = UA524KP7L9;
				INFOPLIST_FILE = ReduxDemoTests/Info.plist;
				LD_RUNPATH_SEARCH_PATHS = (
					"$(inherited)",
					"@executable_path/Frameworks",
					"@loader_path/Frameworks",
				);
				PRODUCT_BUNDLE_IDENTIFIER = com.danbo.demo.ReduxDemoTests;
				PRODUCT_NAME = "$(TARGET_NAME)";
				TARGETED_DEVICE_FAMILY = "1,2";
				TEST_HOST = "$(BUILT_PRODUCTS_DIR)/ReduxDemo.app/ReduxDemo";
			};
			name = Release;
		};
		C4AC43D02211C4890082F312 /* Debug */ = {
			isa = XCBuildConfiguration;
			baseConfigurationReference = 5F26DBE439CBC26D5FDA2CEE /* Pods-ReduxDemoUITests.debug.xcconfig */;
			buildSettings = {
				CODE_SIGN_STYLE = Automatic;
				DEVELOPMENT_TEAM = UA524KP7L9;
				INFOPLIST_FILE = ReduxDemoUITests/Info.plist;
				LD_RUNPATH_SEARCH_PATHS = (
					"$(inherited)",
					"@executable_path/Frameworks",
					"@loader_path/Frameworks",
				);
				PRODUCT_BUNDLE_IDENTIFIER = com.danbo.demo.ReduxDemoUITests;
				PRODUCT_NAME = "$(TARGET_NAME)";
				TARGETED_DEVICE_FAMILY = "1,2";
				TEST_TARGET_NAME = ReduxDemo;
			};
			name = Debug;
		};
		C4AC43D12211C4890082F312 /* Release */ = {
			isa = XCBuildConfiguration;
			baseConfigurationReference = D3A73DB10DEA634BBF2EFEED /* Pods-ReduxDemoUITests.release.xcconfig */;
			buildSettings = {
				CODE_SIGN_STYLE = Automatic;
				DEVELOPMENT_TEAM = UA524KP7L9;
				INFOPLIST_FILE = ReduxDemoUITests/Info.plist;
				LD_RUNPATH_SEARCH_PATHS = (
					"$(inherited)",
					"@executable_path/Frameworks",
					"@loader_path/Frameworks",
				);
				PRODUCT_BUNDLE_IDENTIFIER = com.danbo.demo.ReduxDemoUITests;
				PRODUCT_NAME = "$(TARGET_NAME)";
				TARGETED_DEVICE_FAMILY = "1,2";
				TEST_TARGET_NAME = ReduxDemo;
			};
			name = Release;
		};
/* End XCBuildConfiguration section */

/* Begin XCConfigurationList section */
		C4AC43982211C4880082F312 /* Build configuration list for PBXProject "ReduxDemo" */ = {
			isa = XCConfigurationList;
			buildConfigurations = (
				C4AC43C72211C4890082F312 /* Debug */,
				C4AC43C82211C4890082F312 /* Release */,
			);
			defaultConfigurationIsVisible = 0;
			defaultConfigurationName = Release;
		};
		C4AC43C92211C4890082F312 /* Build configuration list for PBXNativeTarget "ReduxDemo" */ = {
			isa = XCConfigurationList;
			buildConfigurations = (
				C4AC43CA2211C4890082F312 /* Debug */,
				C4AC43CB2211C4890082F312 /* Release */,
			);
			defaultConfigurationIsVisible = 0;
			defaultConfigurationName = Release;
		};
		C4AC43CC2211C4890082F312 /* Build configuration list for PBXNativeTarget "ReduxDemoTests" */ = {
			isa = XCConfigurationList;
			buildConfigurations = (
				C4AC43CD2211C4890082F312 /* Debug */,
				C4AC43CE2211C4890082F312 /* Release */,
			);
			defaultConfigurationIsVisible = 0;
			defaultConfigurationName = Release;
		};
		C4AC43CF2211C4890082F312 /* Build configuration list for PBXNativeTarget "ReduxDemoUITests" */ = {
			isa = XCConfigurationList;
			buildConfigurations = (
				C4AC43D02211C4890082F312 /* Debug */,
				C4AC43D12211C4890082F312 /* Release */,
			);
			defaultConfigurationIsVisible = 0;
			defaultConfigurationName = Release;
		};
/* End XCConfigurationList section */
	};
	rootObject = C4AC43952211C4880082F312 /* Project object */;
}
